
Microsoft Visual Studio Solution File, Format Version 12.00
# Visual Studio Version 16
VisualStudioVersion = 16.0.30011.22
MinimumVisualStudioVersion = 10.0.40219.1
Project("{FAE04EC0-301F-11D3-BF4B-00C04F79EFBC}") = "ChatBot", "ChatBot\ChatBot.csproj", "{974FDAF2-D6B0-4C97-8102-ED93CDF0FDF1}"
EndProject
Global
	GlobalSection(SolutionConfigurationPlatforms) = preSolution
		Debug|Any CPU = Debug|Any CPU
		Release|Any CPU = Release|Any CPU
	EndGlobalSection
	GlobalSection(ProjectConfigurationPlatforms) = postSolution
		{974FDAF2-D6B0-4C97-8102-ED93CDF0FDF1}.Debug|Any CPU.ActiveCfg = Debug|Any CPU
		{974FDAF2-D6B0-4C97-8102-ED93CDF0FDF1}.Debug|Any CPU.Build.0 = Debug|Any CPU
		{974FDAF2-D6B0-4C97-8102-ED93CDF0FDF1}.Release|Any CPU.ActiveCfg = Release|Any CPU
		{974FDAF2-D6B0-4C97-8102-ED93CDF0FDF1}.Release|Any CPU.Build.0 = Release|Any CPU
	EndGlobalSection
	GlobalSection(SolutionProperties) = preSolution
		HideSolutionNode = FALSE
	EndGlobalSection
	GlobalSection(ExtensibilityGlobals) = postSolution
		SolutionGuid = {DC2B4DB7-3245-4AC4-8A35-709832AF79B5}
	EndGlobalSection
EndGlobal
